// !$*UTF8*$!
{
	archiveVersion = 1;
	classes = {
	};
	objectVersion = 56;
	objects = {

/* Begin PBXBuildFile section */
		3833F17129359920008A20E8 /* AppDelegate.swift in Sources */ = {isa = PBXBuildFile; fileRef = 3833F17029359920008A20E8 /* AppDelegate.swift */; };
		3833F17A29359922008A20E8 /* Assets.xcassets in Resources */ = {isa = PBXBuildFile; fileRef = 3833F17929359922008A20E8 /* Assets.xcassets */; };
		3833F17D29359922008A20E8 /* LaunchScreen.storyboard in Resources */ = {isa = PBXBuildFile; fileRef = 3833F17B29359922008A20E8 /* LaunchScreen.storyboard */; };
		3833F18829359923008A20E8 /* RxSwift_TemplateTests.swift in Sources */ = {isa = PBXBuildFile; fileRef = 3833F18729359923008A20E8 /* RxSwift_TemplateTests.swift */; };
		3833F1AD2935AD39008A20E8 /* ApiNetWorkManager.swift in Sources */ = {isa = PBXBuildFile; fileRef = 3833F1AC2935AD39008A20E8 /* ApiNetWorkManager.swift */; };
		460F65BE2E18B1C51E18FA5F /* Pods_RxSwift_TemplateTests.framework in Frameworks */ = {isa = PBXBuildFile; fileRef = 2CEE637A8909295BC4720782 /* Pods_RxSwift_TemplateTests.framework */; };
		840202862991FA2C00A6F9A3 /* SearchViewController.swift in Sources */ = {isa = PBXBuildFile; fileRef = 840202842991FA2C00A6F9A3 /* SearchViewController.swift */; };
		840202872991FA2C00A6F9A3 /* SearchViewController.xib in Resources */ = {isa = PBXBuildFile; fileRef = 840202852991FA2C00A6F9A3 /* SearchViewController.xib */; };
		840202892991FA3A00A6F9A3 /* SearchViewModel.swift in Sources */ = {isa = PBXBuildFile; fileRef = 840202882991FA3A00A6F9A3 /* SearchViewModel.swift */; };
		8402028D2991FE8200A6F9A3 /* SearchCollectionViewCell.swift in Sources */ = {isa = PBXBuildFile; fileRef = 8402028B2991FE8200A6F9A3 /* SearchCollectionViewCell.swift */; };
		8402028E2991FE8200A6F9A3 /* SearchCollectionViewCell.xib in Resources */ = {isa = PBXBuildFile; fileRef = 8402028C2991FE8200A6F9A3 /* SearchCollectionViewCell.xib */; };
		840202902991FEA900A6F9A3 /* SearchCellViewModel.swift in Sources */ = {isa = PBXBuildFile; fileRef = 8402028F2991FEA900A6F9A3 /* SearchCellViewModel.swift */; };
		8401AB8629A4CC0B00130321 /* UICollectionView+Rx.swift in Sources */ = {isa = PBXBuildFile; fileRef = 8401AB8529A4CC0B00130321 /* UICollectionView+Rx.swift */; };
		8415DF1E29963F21007E3F0C /* Product.swift in Sources */ = {isa = PBXBuildFile; fileRef = 8415DF1D29963F21007E3F0C /* Product.swift */; };
		841EA81A298CC32400334780 /* Traits+Ext.swift in Sources */ = {isa = PBXBuildFile; fileRef = 841EA819298CC32400334780 /* Traits+Ext.swift */; };
		841EA81E298CE4C300334780 /* MainTarget.swift in Sources */ = {isa = PBXBuildFile; fileRef = 841EA81D298CE4C300334780 /* MainTarget.swift */; };
		841EA824298CF4DE00334780 /* BaseViewController.swift in Sources */ = {isa = PBXBuildFile; fileRef = 841EA823298CF4DE00334780 /* BaseViewController.swift */; };
		841EA826298CF83600334780 /* String+Ext.swift in Sources */ = {isa = PBXBuildFile; fileRef = 841EA825298CF83600334780 /* String+Ext.swift */; };
		841EA828298CF86D00334780 /* Collection+Ext.swift in Sources */ = {isa = PBXBuildFile; fileRef = 841EA827298CF86D00334780 /* Collection+Ext.swift */; };
		841EA82C298D18B900334780 /* Token.swift in Sources */ = {isa = PBXBuildFile; fileRef = 841EA82B298D18B900334780 /* Token.swift */; };
		8425D78029890E5000CA9728 /* LoginTarget.swift in Sources */ = {isa = PBXBuildFile; fileRef = 8425D77F29890E5000CA9728 /* LoginTarget.swift */; };
		8453F5C529963D9A002AE73A /* DetailViewController.swift in Sources */ = {isa = PBXBuildFile; fileRef = 8453F5C329963D9A002AE73A /* DetailViewController.swift */; };
		8453F5C629963D9A002AE73A /* DetailViewController.xib in Resources */ = {isa = PBXBuildFile; fileRef = 8453F5C429963D9A002AE73A /* DetailViewController.xib */; };
		8453F5C829963DA3002AE73A /* DetailViewModel.swift in Sources */ = {isa = PBXBuildFile; fileRef = 8453F5C729963DA3002AE73A /* DetailViewModel.swift */; };
		845958722992014E00645984 /* BaseNavigationController.swift in Sources */ = {isa = PBXBuildFile; fileRef = 845958712992014E00645984 /* BaseNavigationController.swift */; };
		8470C60B2990915B0019F3B2 /* Session.swift in Sources */ = {isa = PBXBuildFile; fileRef = 8470C60A2990915B0019F3B2 /* Session.swift */; };
		8470C60D2990A6790019F3B2 /* BaseTabbarController.swift in Sources */ = {isa = PBXBuildFile; fileRef = 8470C60C2990A6790019F3B2 /* BaseTabbarController.swift */; };
		849FAC6B29963E9A0034A9E8 /* CarouselCollectionViewCell.swift in Sources */ = {isa = PBXBuildFile; fileRef = 849FAC6929963E9A0034A9E8 /* CarouselCollectionViewCell.swift */; };
		849FAC6C29963E9A0034A9E8 /* CarouselCollectionViewCell.xib in Resources */ = {isa = PBXBuildFile; fileRef = 849FAC6A29963E9A0034A9E8 /* CarouselCollectionViewCell.xib */; };
		849FAC6E29963EA90034A9E8 /* CarouselViewModel.swift in Sources */ = {isa = PBXBuildFile; fileRef = 849FAC6D29963EA90034A9E8 /* CarouselViewModel.swift */; };
		84D6DAE2298B7C42002A0626 /* ExampleViewController.swift in Sources */ = {isa = PBXBuildFile; fileRef = 84D6DAE0298B7C42002A0626 /* ExampleViewController.swift */; };
		84D6DAE3298B7C42002A0626 /* ExampleViewController.xib in Resources */ = {isa = PBXBuildFile; fileRef = 84D6DAE1298B7C42002A0626 /* ExampleViewController.xib */; };
		84D6DAE5298B92E0002A0626 /* Example.swift in Sources */ = {isa = PBXBuildFile; fileRef = 84D6DAE4298B92E0002A0626 /* Example.swift */; };
		8F76F4D8D159F1B42DDBE003 /* Pods_RxSwift_Template.framework in Frameworks */ = {isa = PBXBuildFile; fileRef = 09A0FA7C1B0CD47302D9A8D9 /* Pods_RxSwift_Template.framework */; };
		CB5BF7872993630F00F5EFE5 /* RecommendCellViewModel.swift in Sources */ = {isa = PBXBuildFile; fileRef = CB5BF7862993630F00F5EFE5 /* RecommendCellViewModel.swift */; };
		CB5BF78929937F0700F5EFE5 /* PopularCellViewModel.swift in Sources */ = {isa = PBXBuildFile; fileRef = CB5BF78829937F0700F5EFE5 /* PopularCellViewModel.swift */; };
		CB6CF7072994D0390053C9A8 /* SlideCollectionViewCellViewModel.swift in Sources */ = {isa = PBXBuildFile; fileRef = CB6CF7062994D0390053C9A8 /* SlideCollectionViewCellViewModel.swift */; };
		CB6CF7092994D3340053C9A8 /* RecommendCollectionViewCellViewModel.swift in Sources */ = {isa = PBXBuildFile; fileRef = CB6CF7082994D3340053C9A8 /* RecommendCollectionViewCellViewModel.swift */; };
		CB6CF70B2994D46A0053C9A8 /* PopularCollectionViewCellViewModel.swift in Sources */ = {isa = PBXBuildFile; fileRef = CB6CF70A2994D46A0053C9A8 /* PopularCollectionViewCellViewModel.swift */; };
		CB7B54BA298CB02D005AAD9A /* LoginViewController.swift in Sources */ = {isa = PBXBuildFile; fileRef = CB7B54B8298CB02D005AAD9A /* LoginViewController.swift */; };
		CB7B54BB298CB02D005AAD9A /* LoginViewController.xib in Resources */ = {isa = PBXBuildFile; fileRef = CB7B54B9298CB02D005AAD9A /* LoginViewController.xib */; };
		CB7B54BD298CB285005AAD9A /* LoginViewModel.swift in Sources */ = {isa = PBXBuildFile; fileRef = CB7B54BC298CB285005AAD9A /* LoginViewModel.swift */; };
		CB7B54C3298CCB1D005AAD9A /* HomeViewController.swift in Sources */ = {isa = PBXBuildFile; fileRef = CB7B54C1298CCB1D005AAD9A /* HomeViewController.swift */; };
		CB7B54C4298CCB1D005AAD9A /* HomeViewController.xib in Resources */ = {isa = PBXBuildFile; fileRef = CB7B54C2298CCB1D005AAD9A /* HomeViewController.xib */; };
		CB7B54C9298CCB61005AAD9A /* SliderCell.swift in Sources */ = {isa = PBXBuildFile; fileRef = CB7B54C7298CCB61005AAD9A /* SliderCell.swift */; };
		CB7B54CA298CCB61005AAD9A /* SliderCell.xib in Resources */ = {isa = PBXBuildFile; fileRef = CB7B54C8298CCB61005AAD9A /* SliderCell.xib */; };
		CB7B54CE298CED3E005AAD9A /* SlideCollectionViewCell.swift in Sources */ = {isa = PBXBuildFile; fileRef = CB7B54CC298CED3E005AAD9A /* SlideCollectionViewCell.swift */; };
		CB7B54CF298CED3E005AAD9A /* SlideCollectionViewCell.xib in Resources */ = {isa = PBXBuildFile; fileRef = CB7B54CD298CED3E005AAD9A /* SlideCollectionViewCell.xib */; };
		CB7B54D3298CF47B005AAD9A /* RecommendCell.swift in Sources */ = {isa = PBXBuildFile; fileRef = CB7B54D1298CF47B005AAD9A /* RecommendCell.swift */; };
		CB7B54D4298CF47B005AAD9A /* RecommendCell.xib in Resources */ = {isa = PBXBuildFile; fileRef = CB7B54D2298CF47B005AAD9A /* RecommendCell.xib */; };
		CB7B54D8298CF4A4005AAD9A /* RecommendCollectionViewCell.swift in Sources */ = {isa = PBXBuildFile; fileRef = CB7B54D6298CF4A4005AAD9A /* RecommendCollectionViewCell.swift */; };
		CB7B54D9298CF4A4005AAD9A /* RecommendCollectionViewCell.xib in Resources */ = {isa = PBXBuildFile; fileRef = CB7B54D7298CF4A4005AAD9A /* RecommendCollectionViewCell.xib */; };
		CB7B54DE298CF5AC005AAD9A /* PopularCell.swift in Sources */ = {isa = PBXBuildFile; fileRef = CB7B54DC298CF5AC005AAD9A /* PopularCell.swift */; };
		CB7B54DF298CF5AC005AAD9A /* PopularCell.xib in Resources */ = {isa = PBXBuildFile; fileRef = CB7B54DD298CF5AC005AAD9A /* PopularCell.xib */; };
		CB7B54E2298CF62C005AAD9A /* PopularCollectionViewCell.swift in Sources */ = {isa = PBXBuildFile; fileRef = CB7B54E0298CF62C005AAD9A /* PopularCollectionViewCell.swift */; };
		CB7B54E3298CF62C005AAD9A /* PopularCollectionViewCell.xib in Resources */ = {isa = PBXBuildFile; fileRef = CB7B54E1298CF62C005AAD9A /* PopularCollectionViewCell.xib */; };
		CB7B54E5298CFA44005AAD9A /* HomeViewModel.swift in Sources */ = {isa = PBXBuildFile; fileRef = CB7B54E4298CFA44005AAD9A /* HomeViewModel.swift */; };
		CB7B54E8298D1217005AAD9A /* HomeSectionModelType.swift in Sources */ = {isa = PBXBuildFile; fileRef = CB7B54E7298D1217005AAD9A /* HomeSectionModelType.swift */; };
		CB7B54EA299092B9005AAD9A /* SliderCellViewModel.swift in Sources */ = {isa = PBXBuildFile; fileRef = CB7B54E9299092B9005AAD9A /* SliderCellViewModel.swift */; };
		CBC56B1129A46C21004CAA54 /* DownloadImage.swift in Sources */ = {isa = PBXBuildFile; fileRef = CBC56B1029A46C21004CAA54 /* DownloadImage.swift */; };
/* End PBXBuildFile section */

/* Begin PBXContainerItemProxy section */
		3833F18429359923008A20E8 /* PBXContainerItemProxy */ = {
			isa = PBXContainerItemProxy;
			containerPortal = 3833F16529359920008A20E8 /* Project object */;
			proxyType = 1;
			remoteGlobalIDString = 3833F16C29359920008A20E8;
			remoteInfo = RxSwift_Template;
		};
/* End PBXContainerItemProxy section */

/* Begin PBXFileReference section */
		09A0FA7C1B0CD47302D9A8D9 /* Pods_RxSwift_Template.framework */ = {isa = PBXFileReference; explicitFileType = wrapper.framework; includeInIndex = 0; path = Pods_RxSwift_Template.framework; sourceTree = BUILT_PRODUCTS_DIR; };
		2CEE637A8909295BC4720782 /* Pods_RxSwift_TemplateTests.framework */ = {isa = PBXFileReference; explicitFileType = wrapper.framework; includeInIndex = 0; path = Pods_RxSwift_TemplateTests.framework; sourceTree = BUILT_PRODUCTS_DIR; };
		3833F16D29359920008A20E8 /* RxSwift_Template.app */ = {isa = PBXFileReference; explicitFileType = wrapper.application; includeInIndex = 0; path = RxSwift_Template.app; sourceTree = BUILT_PRODUCTS_DIR; };
		3833F17029359920008A20E8 /* AppDelegate.swift */ = {isa = PBXFileReference; lastKnownFileType = sourcecode.swift; path = AppDelegate.swift; sourceTree = "<group>"; };
		3833F17929359922008A20E8 /* Assets.xcassets */ = {isa = PBXFileReference; lastKnownFileType = folder.assetcatalog; path = Assets.xcassets; sourceTree = "<group>"; };
		3833F17C29359922008A20E8 /* Base */ = {isa = PBXFileReference; lastKnownFileType = file.storyboard; name = Base; path = Base.lproj/LaunchScreen.storyboard; sourceTree = "<group>"; };
		3833F17E29359922008A20E8 /* Info.plist */ = {isa = PBXFileReference; lastKnownFileType = text.plist.xml; path = Info.plist; sourceTree = "<group>"; };
		3833F18329359923008A20E8 /* RxSwift_TemplateTests.xctest */ = {isa = PBXFileReference; explicitFileType = wrapper.cfbundle; includeInIndex = 0; path = RxSwift_TemplateTests.xctest; sourceTree = BUILT_PRODUCTS_DIR; };
		3833F18729359923008A20E8 /* RxSwift_TemplateTests.swift */ = {isa = PBXFileReference; lastKnownFileType = sourcecode.swift; path = RxSwift_TemplateTests.swift; sourceTree = "<group>"; };
		3833F1AC2935AD39008A20E8 /* ApiNetWorkManager.swift */ = {isa = PBXFileReference; lastKnownFileType = sourcecode.swift; path = ApiNetWorkManager.swift; sourceTree = "<group>"; };
		3EDAE8723C4F9029099B5B5E /* Pods-RxSwift_TemplateTests.debug.xcconfig */ = {isa = PBXFileReference; includeInIndex = 1; lastKnownFileType = text.xcconfig; name = "Pods-RxSwift_TemplateTests.debug.xcconfig"; path = "Target Support Files/Pods-RxSwift_TemplateTests/Pods-RxSwift_TemplateTests.debug.xcconfig"; sourceTree = "<group>"; };
		48727A1D75BF273435CEB3BC /* Pods-RxSwift_Template-RxSwift_TemplateUITests.release.xcconfig */ = {isa = PBXFileReference; includeInIndex = 1; lastKnownFileType = text.xcconfig; name = "Pods-RxSwift_Template-RxSwift_TemplateUITests.release.xcconfig"; path = "Target Support Files/Pods-RxSwift_Template-RxSwift_TemplateUITests/Pods-RxSwift_Template-RxSwift_TemplateUITests.release.xcconfig"; sourceTree = "<group>"; };
		559FC68E27FE2233B82C320C /* Pods-RxSwift_Template.release.xcconfig */ = {isa = PBXFileReference; includeInIndex = 1; lastKnownFileType = text.xcconfig; name = "Pods-RxSwift_Template.release.xcconfig"; path = "Target Support Files/Pods-RxSwift_Template/Pods-RxSwift_Template.release.xcconfig"; sourceTree = "<group>"; };
		6BD3E2BC24F32BA1C6821AE6 /* Pods-RxSwift_Template.debug.xcconfig */ = {isa = PBXFileReference; includeInIndex = 1; lastKnownFileType = text.xcconfig; name = "Pods-RxSwift_Template.debug.xcconfig"; path = "Target Support Files/Pods-RxSwift_Template/Pods-RxSwift_Template.debug.xcconfig"; sourceTree = "<group>"; };
		840202842991FA2C00A6F9A3 /* SearchViewController.swift */ = {isa = PBXFileReference; lastKnownFileType = sourcecode.swift; path = SearchViewController.swift; sourceTree = "<group>"; };
		840202852991FA2C00A6F9A3 /* SearchViewController.xib */ = {isa = PBXFileReference; lastKnownFileType = file.xib; path = SearchViewController.xib; sourceTree = "<group>"; };
		840202882991FA3A00A6F9A3 /* SearchViewModel.swift */ = {isa = PBXFileReference; lastKnownFileType = sourcecode.swift; path = SearchViewModel.swift; sourceTree = "<group>"; };
		8402028B2991FE8200A6F9A3 /* SearchCollectionViewCell.swift */ = {isa = PBXFileReference; lastKnownFileType = sourcecode.swift; path = SearchCollectionViewCell.swift; sourceTree = "<group>"; };
		8402028C2991FE8200A6F9A3 /* SearchCollectionViewCell.xib */ = {isa = PBXFileReference; lastKnownFileType = file.xib; path = SearchCollectionViewCell.xib; sourceTree = "<group>"; };
		8402028F2991FEA900A6F9A3 /* SearchCellViewModel.swift */ = {isa = PBXFileReference; lastKnownFileType = sourcecode.swift; path = SearchCellViewModel.swift; sourceTree = "<group>"; };
		8401AB8529A4CC0B00130321 /* UICollectionView+Rx.swift */ = {isa = PBXFileReference; lastKnownFileType = sourcecode.swift; path = "UICollectionView+Rx.swift"; sourceTree = "<group>"; };
		8415DF1D29963F21007E3F0C /* Product.swift */ = {isa = PBXFileReference; lastKnownFileType = sourcecode.swift; path = Product.swift; sourceTree = "<group>"; };
		841EA819298CC32400334780 /* Traits+Ext.swift */ = {isa = PBXFileReference; lastKnownFileType = sourcecode.swift; path = "Traits+Ext.swift"; sourceTree = "<group>"; };
		841EA81D298CE4C300334780 /* MainTarget.swift */ = {isa = PBXFileReference; lastKnownFileType = sourcecode.swift; path = MainTarget.swift; sourceTree = "<group>"; };
		841EA823298CF4DE00334780 /* BaseViewController.swift */ = {isa = PBXFileReference; lastKnownFileType = sourcecode.swift; path = BaseViewController.swift; sourceTree = "<group>"; };
		841EA825298CF83600334780 /* String+Ext.swift */ = {isa = PBXFileReference; lastKnownFileType = sourcecode.swift; path = "String+Ext.swift"; sourceTree = "<group>"; };
		841EA827298CF86D00334780 /* Collection+Ext.swift */ = {isa = PBXFileReference; lastKnownFileType = sourcecode.swift; path = "Collection+Ext.swift"; sourceTree = "<group>"; };
		841EA82B298D18B900334780 /* Token.swift */ = {isa = PBXFileReference; lastKnownFileType = sourcecode.swift; path = Token.swift; sourceTree = "<group>"; };
		8425D77F29890E5000CA9728 /* LoginTarget.swift */ = {isa = PBXFileReference; fileEncoding = 4; lastKnownFileType = sourcecode.swift; path = LoginTarget.swift; sourceTree = "<group>"; };
		8453F5C329963D9A002AE73A /* DetailViewController.swift */ = {isa = PBXFileReference; lastKnownFileType = sourcecode.swift; path = DetailViewController.swift; sourceTree = "<group>"; };
		8453F5C429963D9A002AE73A /* DetailViewController.xib */ = {isa = PBXFileReference; lastKnownFileType = file.xib; path = DetailViewController.xib; sourceTree = "<group>"; };
		8453F5C729963DA3002AE73A /* DetailViewModel.swift */ = {isa = PBXFileReference; lastKnownFileType = sourcecode.swift; path = DetailViewModel.swift; sourceTree = "<group>"; };
		845958712992014E00645984 /* BaseNavigationController.swift */ = {isa = PBXFileReference; lastKnownFileType = sourcecode.swift; path = BaseNavigationController.swift; sourceTree = "<group>"; };
		8470C60A2990915B0019F3B2 /* Session.swift */ = {isa = PBXFileReference; lastKnownFileType = sourcecode.swift; path = Session.swift; sourceTree = "<group>"; };
		8470C60C2990A6790019F3B2 /* BaseTabbarController.swift */ = {isa = PBXFileReference; lastKnownFileType = sourcecode.swift; path = BaseTabbarController.swift; sourceTree = "<group>"; };
		849FAC6929963E9A0034A9E8 /* CarouselCollectionViewCell.swift */ = {isa = PBXFileReference; lastKnownFileType = sourcecode.swift; path = CarouselCollectionViewCell.swift; sourceTree = "<group>"; };
		849FAC6A29963E9A0034A9E8 /* CarouselCollectionViewCell.xib */ = {isa = PBXFileReference; lastKnownFileType = file.xib; path = CarouselCollectionViewCell.xib; sourceTree = "<group>"; };
		849FAC6D29963EA90034A9E8 /* CarouselViewModel.swift */ = {isa = PBXFileReference; lastKnownFileType = sourcecode.swift; path = CarouselViewModel.swift; sourceTree = "<group>"; };
		84D6DAE0298B7C42002A0626 /* ExampleViewController.swift */ = {isa = PBXFileReference; lastKnownFileType = sourcecode.swift; path = ExampleViewController.swift; sourceTree = "<group>"; };
		84D6DAE1298B7C42002A0626 /* ExampleViewController.xib */ = {isa = PBXFileReference; lastKnownFileType = file.xib; path = ExampleViewController.xib; sourceTree = "<group>"; };
		84D6DAE4298B92E0002A0626 /* Example.swift */ = {isa = PBXFileReference; lastKnownFileType = sourcecode.swift; path = Example.swift; sourceTree = "<group>"; };
		A9997A620243BFD969FC6200 /* Pods_RxSwift_Template_RxSwift_TemplateUITests.framework */ = {isa = PBXFileReference; explicitFileType = wrapper.framework; includeInIndex = 0; path = Pods_RxSwift_Template_RxSwift_TemplateUITests.framework; sourceTree = BUILT_PRODUCTS_DIR; };
		CB5BF7862993630F00F5EFE5 /* RecommendCellViewModel.swift */ = {isa = PBXFileReference; lastKnownFileType = sourcecode.swift; path = RecommendCellViewModel.swift; sourceTree = "<group>"; };
		CB5BF78829937F0700F5EFE5 /* PopularCellViewModel.swift */ = {isa = PBXFileReference; lastKnownFileType = sourcecode.swift; path = PopularCellViewModel.swift; sourceTree = "<group>"; };
		CB6CF7062994D0390053C9A8 /* SlideCollectionViewCellViewModel.swift */ = {isa = PBXFileReference; lastKnownFileType = sourcecode.swift; path = SlideCollectionViewCellViewModel.swift; sourceTree = "<group>"; };
		CB6CF7082994D3340053C9A8 /* RecommendCollectionViewCellViewModel.swift */ = {isa = PBXFileReference; lastKnownFileType = sourcecode.swift; path = RecommendCollectionViewCellViewModel.swift; sourceTree = "<group>"; };
		CB6CF70A2994D46A0053C9A8 /* PopularCollectionViewCellViewModel.swift */ = {isa = PBXFileReference; lastKnownFileType = sourcecode.swift; path = PopularCollectionViewCellViewModel.swift; sourceTree = "<group>"; };
		CB7B54B8298CB02D005AAD9A /* LoginViewController.swift */ = {isa = PBXFileReference; lastKnownFileType = sourcecode.swift; path = LoginViewController.swift; sourceTree = "<group>"; };
		CB7B54B9298CB02D005AAD9A /* LoginViewController.xib */ = {isa = PBXFileReference; lastKnownFileType = file.xib; path = LoginViewController.xib; sourceTree = "<group>"; };
		CB7B54BC298CB285005AAD9A /* LoginViewModel.swift */ = {isa = PBXFileReference; lastKnownFileType = sourcecode.swift; path = LoginViewModel.swift; sourceTree = "<group>"; };
		CB7B54C1298CCB1D005AAD9A /* HomeViewController.swift */ = {isa = PBXFileReference; lastKnownFileType = sourcecode.swift; path = HomeViewController.swift; sourceTree = "<group>"; };
		CB7B54C2298CCB1D005AAD9A /* HomeViewController.xib */ = {isa = PBXFileReference; lastKnownFileType = file.xib; path = HomeViewController.xib; sourceTree = "<group>"; };
		CB7B54C7298CCB61005AAD9A /* SliderCell.swift */ = {isa = PBXFileReference; lastKnownFileType = sourcecode.swift; path = SliderCell.swift; sourceTree = "<group>"; };
		CB7B54C8298CCB61005AAD9A /* SliderCell.xib */ = {isa = PBXFileReference; lastKnownFileType = file.xib; path = SliderCell.xib; sourceTree = "<group>"; };
		CB7B54CC298CED3E005AAD9A /* SlideCollectionViewCell.swift */ = {isa = PBXFileReference; lastKnownFileType = sourcecode.swift; path = SlideCollectionViewCell.swift; sourceTree = "<group>"; };
		CB7B54CD298CED3E005AAD9A /* SlideCollectionViewCell.xib */ = {isa = PBXFileReference; lastKnownFileType = file.xib; path = SlideCollectionViewCell.xib; sourceTree = "<group>"; };
		CB7B54D1298CF47B005AAD9A /* RecommendCell.swift */ = {isa = PBXFileReference; lastKnownFileType = sourcecode.swift; path = RecommendCell.swift; sourceTree = "<group>"; };
		CB7B54D2298CF47B005AAD9A /* RecommendCell.xib */ = {isa = PBXFileReference; lastKnownFileType = file.xib; path = RecommendCell.xib; sourceTree = "<group>"; };
		CB7B54D6298CF4A4005AAD9A /* RecommendCollectionViewCell.swift */ = {isa = PBXFileReference; lastKnownFileType = sourcecode.swift; path = RecommendCollectionViewCell.swift; sourceTree = "<group>"; };
		CB7B54D7298CF4A4005AAD9A /* RecommendCollectionViewCell.xib */ = {isa = PBXFileReference; lastKnownFileType = file.xib; path = RecommendCollectionViewCell.xib; sourceTree = "<group>"; };
		CB7B54DC298CF5AC005AAD9A /* PopularCell.swift */ = {isa = PBXFileReference; lastKnownFileType = sourcecode.swift; path = PopularCell.swift; sourceTree = "<group>"; };
		CB7B54DD298CF5AC005AAD9A /* PopularCell.xib */ = {isa = PBXFileReference; lastKnownFileType = file.xib; path = PopularCell.xib; sourceTree = "<group>"; };
		CB7B54E0298CF62C005AAD9A /* PopularCollectionViewCell.swift */ = {isa = PBXFileReference; lastKnownFileType = sourcecode.swift; path = PopularCollectionViewCell.swift; sourceTree = "<group>"; };
		CB7B54E1298CF62C005AAD9A /* PopularCollectionViewCell.xib */ = {isa = PBXFileReference; lastKnownFileType = file.xib; path = PopularCollectionViewCell.xib; sourceTree = "<group>"; };
		CB7B54E4298CFA44005AAD9A /* HomeViewModel.swift */ = {isa = PBXFileReference; lastKnownFileType = sourcecode.swift; path = HomeViewModel.swift; sourceTree = "<group>"; };
		CB7B54E7298D1217005AAD9A /* HomeSectionModelType.swift */ = {isa = PBXFileReference; lastKnownFileType = sourcecode.swift; path = HomeSectionModelType.swift; sourceTree = "<group>"; };
		CB7B54E9299092B9005AAD9A /* SliderCellViewModel.swift */ = {isa = PBXFileReference; lastKnownFileType = sourcecode.swift; path = SliderCellViewModel.swift; sourceTree = "<group>"; };
		CBC56B1029A46C21004CAA54 /* DownloadImage.swift */ = {isa = PBXFileReference; lastKnownFileType = sourcecode.swift; path = DownloadImage.swift; sourceTree = "<group>"; };
		F5B2704B7B47B3CE3ACA6821 /* Pods-RxSwift_Template-RxSwift_TemplateUITests.debug.xcconfig */ = {isa = PBXFileReference; includeInIndex = 1; lastKnownFileType = text.xcconfig; name = "Pods-RxSwift_Template-RxSwift_TemplateUITests.debug.xcconfig"; path = "Target Support Files/Pods-RxSwift_Template-RxSwift_TemplateUITests/Pods-RxSwift_Template-RxSwift_TemplateUITests.debug.xcconfig"; sourceTree = "<group>"; };
		F86B02262B20149B2FE76F51 /* Pods-RxSwift_TemplateTests.release.xcconfig */ = {isa = PBXFileReference; includeInIndex = 1; lastKnownFileType = text.xcconfig; name = "Pods-RxSwift_TemplateTests.release.xcconfig"; path = "Target Support Files/Pods-RxSwift_TemplateTests/Pods-RxSwift_TemplateTests.release.xcconfig"; sourceTree = "<group>"; };
/* End PBXFileReference section */

/* Begin PBXFrameworksBuildPhase section */
		3833F16A29359920008A20E8 /* Frameworks */ = {
			isa = PBXFrameworksBuildPhase;
			buildActionMask = 2147483647;
			files = (
				8F76F4D8D159F1B42DDBE003 /* Pods_RxSwift_Template.framework in Frameworks */,
			);
			runOnlyForDeploymentPostprocessing = 0;
		};
		3833F18029359923008A20E8 /* Frameworks */ = {
			isa = PBXFrameworksBuildPhase;
			buildActionMask = 2147483647;
			files = (
				460F65BE2E18B1C51E18FA5F /* Pods_RxSwift_TemplateTests.framework in Frameworks */,
			);
			runOnlyForDeploymentPostprocessing = 0;
		};
/* End PBXFrameworksBuildPhase section */

/* Begin PBXGroup section */
		3833F16429359920008A20E8 = {
			isa = PBXGroup;
			children = (
				3833F16F29359920008A20E8 /* RxSwift_Template */,
				3833F18629359923008A20E8 /* RxSwift_TemplateTests */,
				3833F16E29359920008A20E8 /* Products */,
				7FA4D7AB5C2E6C0A69C4741A /* Pods */,
				759F02423500AAD3C944872F /* Frameworks */,
			);
			sourceTree = "<group>";
		};
		3833F16E29359920008A20E8 /* Products */ = {
			isa = PBXGroup;
			children = (
				3833F16D29359920008A20E8 /* RxSwift_Template.app */,
				3833F18329359923008A20E8 /* RxSwift_TemplateTests.xctest */,
			);
			name = Products;
			sourceTree = "<group>";
		};
		3833F16F29359920008A20E8 /* RxSwift_Template */ = {
			isa = PBXGroup;
			children = (
				3833F1A62935AC97008A20E8 /* AppDelegate */,
				841EA818298CC2C400334780 /* Extensions */,
				3833F1A72935ACE5008A20E8 /* Models */,
				8470C609299091290019F3B2 /* Library */,
				3833F1AB2935AD11008A20E8 /* Resources */,
				3833F1AA2935AD0B008A20E8 /* Supports */,
				3833F1A02935A8FE008A20E8 /* View */,
			);
			path = RxSwift_Template;
			sourceTree = "<group>";
		};
		3833F18629359923008A20E8 /* RxSwift_TemplateTests */ = {
			isa = PBXGroup;
			children = (
				3833F18729359923008A20E8 /* RxSwift_TemplateTests.swift */,
			);
			path = RxSwift_TemplateTests;
			sourceTree = "<group>";
		};
		3833F1A02935A8FE008A20E8 /* View */ = {
			isa = PBXGroup;
			children = (
				841EA822298CF4CD00334780 /* Base */,
				CB7B54BF298CCA5D005AAD9A /* Controllers */,
				84D6DADF298B7C2A002A0626 /* Example */,
			);
			path = View;
			sourceTree = "<group>";
		};
		3833F1A62935AC97008A20E8 /* AppDelegate */ = {
			isa = PBXGroup;
			children = (
				3833F17029359920008A20E8 /* AppDelegate.swift */,
			);
			path = AppDelegate;
			sourceTree = "<group>";
		};
		3833F1A72935ACE5008A20E8 /* Models */ = {
			isa = PBXGroup;
			children = (
				3833F1A82935ACED008A20E8 /* Core */,
				3833F1A92935ACF5008A20E8 /* Scheme */,
			);
			path = Models;
			sourceTree = "<group>";
		};
		3833F1A82935ACED008A20E8 /* Core */ = {
			isa = PBXGroup;
			children = (
				8425D77F29890E5000CA9728 /* LoginTarget.swift */,
				841EA81D298CE4C300334780 /* MainTarget.swift */,
				3833F1AC2935AD39008A20E8 /* ApiNetWorkManager.swift */,
			);
			path = Core;
			sourceTree = "<group>";
		};
		3833F1A92935ACF5008A20E8 /* Scheme */ = {
			isa = PBXGroup;
			children = (
				84D6DAE4298B92E0002A0626 /* Example.swift */,
				8415DF1D29963F21007E3F0C /* Product.swift */,
				CB7B54E7298D1217005AAD9A /* HomeSectionModelType.swift */,
				841EA82B298D18B900334780 /* Token.swift */,
			);
			path = Scheme;
			sourceTree = "<group>";
		};
		3833F1AA2935AD0B008A20E8 /* Supports */ = {
			isa = PBXGroup;
			children = (
				3833F17B29359922008A20E8 /* LaunchScreen.storyboard */,
				3833F17E29359922008A20E8 /* Info.plist */,
			);
			path = Supports;
			sourceTree = "<group>";
		};
		3833F1AB2935AD11008A20E8 /* Resources */ = {
			isa = PBXGroup;
			children = (
				3833F17929359922008A20E8 /* Assets.xcassets */,
			);
			path = Resources;
			sourceTree = "<group>";
		};
		759F02423500AAD3C944872F /* Frameworks */ = {
			isa = PBXGroup;
			children = (
				09A0FA7C1B0CD47302D9A8D9 /* Pods_RxSwift_Template.framework */,
				A9997A620243BFD969FC6200 /* Pods_RxSwift_Template_RxSwift_TemplateUITests.framework */,
				2CEE637A8909295BC4720782 /* Pods_RxSwift_TemplateTests.framework */,
			);
			name = Frameworks;
			sourceTree = "<group>";
		};
		7FA4D7AB5C2E6C0A69C4741A /* Pods */ = {
			isa = PBXGroup;
			children = (
				6BD3E2BC24F32BA1C6821AE6 /* Pods-RxSwift_Template.debug.xcconfig */,
				559FC68E27FE2233B82C320C /* Pods-RxSwift_Template.release.xcconfig */,
				F5B2704B7B47B3CE3ACA6821 /* Pods-RxSwift_Template-RxSwift_TemplateUITests.debug.xcconfig */,
				48727A1D75BF273435CEB3BC /* Pods-RxSwift_Template-RxSwift_TemplateUITests.release.xcconfig */,
				3EDAE8723C4F9029099B5B5E /* Pods-RxSwift_TemplateTests.debug.xcconfig */,
				F86B02262B20149B2FE76F51 /* Pods-RxSwift_TemplateTests.release.xcconfig */,
			);
			path = Pods;
			sourceTree = "<group>";
		};
		840202832991FA0900A6F9A3 /* Search */ = {
			isa = PBXGroup;
			children = (
				8402028A2991FE7100A6F9A3 /* Cell */,
				840202842991FA2C00A6F9A3 /* SearchViewController.swift */,
				840202852991FA2C00A6F9A3 /* SearchViewController.xib */,
				840202882991FA3A00A6F9A3 /* SearchViewModel.swift */,
			);
			path = Search;
			sourceTree = "<group>";
		};
		8402028A2991FE7100A6F9A3 /* Cell */ = {
			isa = PBXGroup;
			children = (
				8402028B2991FE8200A6F9A3 /* SearchCollectionViewCell.swift */,
				8402028C2991FE8200A6F9A3 /* SearchCollectionViewCell.xib */,
				8402028F2991FEA900A6F9A3 /* SearchCellViewModel.swift */,
			);
			path = Cell;
			sourceTree = "<group>";
		};
		841EA818298CC2C400334780 /* Extensions */ = {
			isa = PBXGroup;
			children = (
				841EA819298CC32400334780 /* Traits+Ext.swift */,
				841EA825298CF83600334780 /* String+Ext.swift */,
				841EA827298CF86D00334780 /* Collection+Ext.swift */,
				8401AB8529A4CC0B00130321 /* UICollectionView+Rx.swift */,
			);
			path = Extensions;
			sourceTree = "<group>";
		};
		841EA822298CF4CD00334780 /* Base */ = {
			isa = PBXGroup;
			children = (
				841EA823298CF4DE00334780 /* BaseViewController.swift */,
				8470C60C2990A6790019F3B2 /* BaseTabbarController.swift */,
				845958712992014E00645984 /* BaseNavigationController.swift */,
			);
			path = Base;
			sourceTree = "<group>";
		};
		8453F5C229963D89002AE73A /* Detail */ = {
			isa = PBXGroup;
			children = (
				849FAC6829963E8A0034A9E8 /* Cell */,
				8453F5C329963D9A002AE73A /* DetailViewController.swift */,
				8453F5C429963D9A002AE73A /* DetailViewController.xib */,
				8453F5C729963DA3002AE73A /* DetailViewModel.swift */,
			);
			path = Detail;
			sourceTree = "<group>";
		};
		8470C609299091290019F3B2 /* Library */ = {
			isa = PBXGroup;
			children = (
				8470C60A2990915B0019F3B2 /* Session.swift */,
				CBC56B1029A46C21004CAA54 /* DownloadImage.swift */,
			);
			path = Library;
			sourceTree = "<group>";
		};
		849FAC6829963E8A0034A9E8 /* Cell */ = {
			isa = PBXGroup;
			children = (
				849FAC6929963E9A0034A9E8 /* CarouselCollectionViewCell.swift */,
				849FAC6A29963E9A0034A9E8 /* CarouselCollectionViewCell.xib */,
				849FAC6D29963EA90034A9E8 /* CarouselViewModel.swift */,
			);
			path = Cell;
			sourceTree = "<group>";
		};
		84D6DADF298B7C2A002A0626 /* Example */ = {
			isa = PBXGroup;
			children = (
				84D6DAE0298B7C42002A0626 /* ExampleViewController.swift */,
				84D6DAE1298B7C42002A0626 /* ExampleViewController.xib */,
			);
			path = Example;
			sourceTree = "<group>";
		};
		CB7B54B7298CAFF5005AAD9A /* Login */ = {
			isa = PBXGroup;
			children = (
				CB7B54B8298CB02D005AAD9A /* LoginViewController.swift */,
				CB7B54B9298CB02D005AAD9A /* LoginViewController.xib */,
				CB7B54BC298CB285005AAD9A /* LoginViewModel.swift */,
			);
			path = Login;
			sourceTree = "<group>";
		};
		CB7B54BF298CCA5D005AAD9A /* Controllers */ = {
			isa = PBXGroup;
			children = (
				CB7B54C0298CCAC3005AAD9A /* Home */,
				8453F5C229963D89002AE73A /* Detail */,
				CB7B54B7298CAFF5005AAD9A /* Login */,
                840202832991FA0900A6F9A3 /* Search */,
			);
			path = Controllers;
			sourceTree = "<group>";
		};
		CB7B54C0298CCAC3005AAD9A /* Home */ = {
			isa = PBXGroup;
			children = (
				CB7B54C5298CCB29005AAD9A /* Cell */,
				CB7B54C1298CCB1D005AAD9A /* HomeViewController.swift */,
				CB7B54C2298CCB1D005AAD9A /* HomeViewController.xib */,
				CB7B54E4298CFA44005AAD9A /* HomeViewModel.swift */,
			);
			path = Home;
			sourceTree = "<group>";
		};
		CB7B54C5298CCB29005AAD9A /* Cell */ = {
			isa = PBXGroup;
			children = (
				CB7B54DA298CF578005AAD9A /* Popular */,
				CB7B54D0298CF455005AAD9A /* Recommend */,
				CB7B54C6298CCB36005AAD9A /* Slider */,
			);
			path = Cell;
			sourceTree = "<group>";
		};
		CB7B54C6298CCB36005AAD9A /* Slider */ = {
			isa = PBXGroup;
			children = (
				CB7B54CB298CED28005AAD9A /* SlideCollection */,
				CB7B54C7298CCB61005AAD9A /* SliderCell.swift */,
				CB7B54C8298CCB61005AAD9A /* SliderCell.xib */,
				CB7B54E9299092B9005AAD9A /* SliderCellViewModel.swift */,
			);
			path = Slider;
			sourceTree = "<group>";
		};
		CB7B54CB298CED28005AAD9A /* SlideCollection */ = {
			isa = PBXGroup;
			children = (
				CB7B54CC298CED3E005AAD9A /* SlideCollectionViewCell.swift */,
				CB7B54CD298CED3E005AAD9A /* SlideCollectionViewCell.xib */,
				CB6CF7062994D0390053C9A8 /* SlideCollectionViewCellViewModel.swift */,
			);
			path = SlideCollection;
			sourceTree = "<group>";
		};
		CB7B54D0298CF455005AAD9A /* Recommend */ = {
			isa = PBXGroup;
			children = (
				CB7B54D5298CF485005AAD9A /* RecommendCollection */,
				CB7B54D1298CF47B005AAD9A /* RecommendCell.swift */,
				CB7B54D2298CF47B005AAD9A /* RecommendCell.xib */,
				CB5BF7862993630F00F5EFE5 /* RecommendCellViewModel.swift */,
			);
			path = Recommend;
			sourceTree = "<group>";
		};
		CB7B54D5298CF485005AAD9A /* RecommendCollection */ = {
			isa = PBXGroup;
			children = (
				CB7B54D6298CF4A4005AAD9A /* RecommendCollectionViewCell.swift */,
				CB7B54D7298CF4A4005AAD9A /* RecommendCollectionViewCell.xib */,
				CB6CF7082994D3340053C9A8 /* RecommendCollectionViewCellViewModel.swift */,
			);
			path = RecommendCollection;
			sourceTree = "<group>";
		};
		CB7B54DA298CF578005AAD9A /* Popular */ = {
			isa = PBXGroup;
			children = (
				CB7B54DB298CF588005AAD9A /* PopularCollection */,
				CB7B54DC298CF5AC005AAD9A /* PopularCell.swift */,
				CB7B54DD298CF5AC005AAD9A /* PopularCell.xib */,
				CB5BF78829937F0700F5EFE5 /* PopularCellViewModel.swift */,
			);
			path = Popular;
			sourceTree = "<group>";
		};
		CB7B54DB298CF588005AAD9A /* PopularCollection */ = {
			isa = PBXGroup;
			children = (
				CB7B54E0298CF62C005AAD9A /* PopularCollectionViewCell.swift */,
				CB7B54E1298CF62C005AAD9A /* PopularCollectionViewCell.xib */,
				CB6CF70A2994D46A0053C9A8 /* PopularCollectionViewCellViewModel.swift */,
			);
			path = PopularCollection;
			sourceTree = "<group>";
		};
/* End PBXGroup section */

/* Begin PBXNativeTarget section */
		3833F16C29359920008A20E8 /* RxSwift_Template */ = {
			isa = PBXNativeTarget;
			buildConfigurationList = 3833F19729359923008A20E8 /* Build configuration list for PBXNativeTarget "RxSwift_Template" */;
			buildPhases = (
				6B1C82DC3682CC6D24EBD4F9 /* [CP] Check Pods Manifest.lock */,
				3833F16929359920008A20E8 /* Sources */,
				3833F16A29359920008A20E8 /* Frameworks */,
				3833F16B29359920008A20E8 /* Resources */,
				01F5E02E527AB56DC42D2663 /* [CP] Embed Pods Frameworks */,
			);
			buildRules = (
			);
			dependencies = (
			);
			name = RxSwift_Template;
			productName = RxSwift_Template;
			productReference = 3833F16D29359920008A20E8 /* RxSwift_Template.app */;
			productType = "com.apple.product-type.application";
		};
		3833F18229359923008A20E8 /* RxSwift_TemplateTests */ = {
			isa = PBXNativeTarget;
			buildConfigurationList = 3833F19A29359923008A20E8 /* Build configuration list for PBXNativeTarget "RxSwift_TemplateTests" */;
			buildPhases = (
				CE5FABFDFF3225A695393575 /* [CP] Check Pods Manifest.lock */,
				3833F17F29359923008A20E8 /* Sources */,
				3833F18029359923008A20E8 /* Frameworks */,
				3833F18129359923008A20E8 /* Resources */,
				997867FAE25C005AD3E3A8EC /* [CP] Embed Pods Frameworks */,
			);
			buildRules = (
			);
			dependencies = (
				3833F18529359923008A20E8 /* PBXTargetDependency */,
			);
			name = RxSwift_TemplateTests;
			productName = RxSwift_TemplateTests;
			productReference = 3833F18329359923008A20E8 /* RxSwift_TemplateTests.xctest */;
			productType = "com.apple.product-type.bundle.unit-test";
		};
/* End PBXNativeTarget section */

/* Begin PBXProject section */
		3833F16529359920008A20E8 /* Project object */ = {
			isa = PBXProject;
			attributes = {
				BuildIndependentTargetsInParallel = 1;
				LastSwiftUpdateCheck = 1410;
				LastUpgradeCheck = 1410;
				TargetAttributes = {
					3833F16C29359920008A20E8 = {
						CreatedOnToolsVersion = 14.1;
					};
					3833F18229359923008A20E8 = {
						CreatedOnToolsVersion = 14.1;
						TestTargetID = 3833F16C29359920008A20E8;
					};
				};
			};
			buildConfigurationList = 3833F16829359920008A20E8 /* Build configuration list for PBXProject "RxSwift_Template" */;
			compatibilityVersion = "Xcode 14.0";
			developmentRegion = en;
			hasScannedForEncodings = 0;
			knownRegions = (
				en,
				Base,
			);
			mainGroup = 3833F16429359920008A20E8;
			productRefGroup = 3833F16E29359920008A20E8 /* Products */;
			projectDirPath = "";
			projectRoot = "";
			targets = (
				3833F16C29359920008A20E8 /* RxSwift_Template */,
				3833F18229359923008A20E8 /* RxSwift_TemplateTests */,
			);
		};
/* End PBXProject section */

/* Begin PBXResourcesBuildPhase section */
		3833F16B29359920008A20E8 /* Resources */ = {
			isa = PBXResourcesBuildPhase;
			buildActionMask = 2147483647;
			files = (
				8402028E2991FE8200A6F9A3 /* SearchCollectionViewCell.xib in Resources */,
				CB7B54DF298CF5AC005AAD9A /* PopularCell.xib in Resources */,
				CB7B54CF298CED3E005AAD9A /* SlideCollectionViewCell.xib in Resources */,
				CB7B54D9298CF4A4005AAD9A /* RecommendCollectionViewCell.xib in Resources */,
				CB7B54BB298CB02D005AAD9A /* LoginViewController.xib in Resources */,
				3833F17D29359922008A20E8 /* LaunchScreen.storyboard in Resources */,
				CB7B54E3298CF62C005AAD9A /* PopularCollectionViewCell.xib in Resources */,
				849FAC6C29963E9A0034A9E8 /* CarouselCollectionViewCell.xib in Resources */,
				8453F5C629963D9A002AE73A /* DetailViewController.xib in Resources */,
				84D6DAE3298B7C42002A0626 /* ExampleViewController.xib in Resources */,
				840202872991FA2C00A6F9A3 /* SearchViewController.xib in Resources */,
				CB7B54D4298CF47B005AAD9A /* RecommendCell.xib in Resources */,
				CB7B54CA298CCB61005AAD9A /* SliderCell.xib in Resources */,
				3833F17A29359922008A20E8 /* Assets.xcassets in Resources */,
				CB7B54C4298CCB1D005AAD9A /* HomeViewController.xib in Resources */,
			);
			runOnlyForDeploymentPostprocessing = 0;
		};
		3833F18129359923008A20E8 /* Resources */ = {
			isa = PBXResourcesBuildPhase;
			buildActionMask = 2147483647;
			files = (
			);
			runOnlyForDeploymentPostprocessing = 0;
		};
/* End PBXResourcesBuildPhase section */

/* Begin PBXShellScriptBuildPhase section */
		01F5E02E527AB56DC42D2663 /* [CP] Embed Pods Frameworks */ = {
			isa = PBXShellScriptBuildPhase;
			buildActionMask = 2147483647;
			files = (
			);
			inputFileListPaths = (
				"${PODS_ROOT}/Target Support Files/Pods-RxSwift_Template/Pods-RxSwift_Template-frameworks-${CONFIGURATION}-input-files.xcfilelist",
			);
			name = "[CP] Embed Pods Frameworks";
			outputFileListPaths = (
				"${PODS_ROOT}/Target Support Files/Pods-RxSwift_Template/Pods-RxSwift_Template-frameworks-${CONFIGURATION}-output-files.xcfilelist",
			);
			runOnlyForDeploymentPostprocessing = 0;
			shellPath = /bin/sh;
			shellScript = "\"${PODS_ROOT}/Target Support Files/Pods-RxSwift_Template/Pods-RxSwift_Template-frameworks.sh\"\n";
			showEnvVarsInLog = 0;
		};
		6B1C82DC3682CC6D24EBD4F9 /* [CP] Check Pods Manifest.lock */ = {
			isa = PBXShellScriptBuildPhase;
			buildActionMask = 2147483647;
			files = (
			);
			inputFileListPaths = (
			);
			inputPaths = (
				"${PODS_PODFILE_DIR_PATH}/Podfile.lock",
				"${PODS_ROOT}/Manifest.lock",
			);
			name = "[CP] Check Pods Manifest.lock";
			outputFileListPaths = (
			);
			outputPaths = (
				"$(DERIVED_FILE_DIR)/Pods-RxSwift_Template-checkManifestLockResult.txt",
			);
			runOnlyForDeploymentPostprocessing = 0;
			shellPath = /bin/sh;
			shellScript = "diff \"${PODS_PODFILE_DIR_PATH}/Podfile.lock\" \"${PODS_ROOT}/Manifest.lock\" > /dev/null\nif [ $? != 0 ] ; then\n    # print error to STDERR\n    echo \"error: The sandbox is not in sync with the Podfile.lock. Run 'pod install' or update your CocoaPods installation.\" >&2\n    exit 1\nfi\n# This output is used by Xcode 'outputs' to avoid re-running this script phase.\necho \"SUCCESS\" > \"${SCRIPT_OUTPUT_FILE_0}\"\n";
			showEnvVarsInLog = 0;
		};
		997867FAE25C005AD3E3A8EC /* [CP] Embed Pods Frameworks */ = {
			isa = PBXShellScriptBuildPhase;
			buildActionMask = 2147483647;
			files = (
			);
			inputFileListPaths = (
				"${PODS_ROOT}/Target Support Files/Pods-RxSwift_TemplateTests/Pods-RxSwift_TemplateTests-frameworks-${CONFIGURATION}-input-files.xcfilelist",
			);
			name = "[CP] Embed Pods Frameworks";
			outputFileListPaths = (
				"${PODS_ROOT}/Target Support Files/Pods-RxSwift_TemplateTests/Pods-RxSwift_TemplateTests-frameworks-${CONFIGURATION}-output-files.xcfilelist",
			);
			runOnlyForDeploymentPostprocessing = 0;
			shellPath = /bin/sh;
			shellScript = "\"${PODS_ROOT}/Target Support Files/Pods-RxSwift_TemplateTests/Pods-RxSwift_TemplateTests-frameworks.sh\"\n";
			showEnvVarsInLog = 0;
		};
		CE5FABFDFF3225A695393575 /* [CP] Check Pods Manifest.lock */ = {
			isa = PBXShellScriptBuildPhase;
			buildActionMask = 2147483647;
			files = (
			);
			inputFileListPaths = (
			);
			inputPaths = (
				"${PODS_PODFILE_DIR_PATH}/Podfile.lock",
				"${PODS_ROOT}/Manifest.lock",
			);
			name = "[CP] Check Pods Manifest.lock";
			outputFileListPaths = (
			);
			outputPaths = (
				"$(DERIVED_FILE_DIR)/Pods-RxSwift_TemplateTests-checkManifestLockResult.txt",
			);
			runOnlyForDeploymentPostprocessing = 0;
			shellPath = /bin/sh;
			shellScript = "diff \"${PODS_PODFILE_DIR_PATH}/Podfile.lock\" \"${PODS_ROOT}/Manifest.lock\" > /dev/null\nif [ $? != 0 ] ; then\n    # print error to STDERR\n    echo \"error: The sandbox is not in sync with the Podfile.lock. Run 'pod install' or update your CocoaPods installation.\" >&2\n    exit 1\nfi\n# This output is used by Xcode 'outputs' to avoid re-running this script phase.\necho \"SUCCESS\" > \"${SCRIPT_OUTPUT_FILE_0}\"\n";
			showEnvVarsInLog = 0;
		};
/* End PBXShellScriptBuildPhase section */

/* Begin PBXSourcesBuildPhase section */
		3833F16929359920008A20E8 /* Sources */ = {
			isa = PBXSourcesBuildPhase;
			buildActionMask = 2147483647;
			files = (
				CB6CF7092994D3340053C9A8 /* RecommendCollectionViewCellViewModel.swift in Sources */,
				CB5BF7872993630F00F5EFE5 /* RecommendCellViewModel.swift in Sources */,
				849FAC6B29963E9A0034A9E8 /* CarouselCollectionViewCell.swift in Sources */,
				8470C60D2990A6790019F3B2 /* BaseTabbarController.swift in Sources */,
				CB7B54BA298CB02D005AAD9A /* LoginViewController.swift in Sources */,
				841EA82C298D18B900334780 /* Token.swift in Sources */,
				840202862991FA2C00A6F9A3 /* SearchViewController.swift in Sources */,
				841EA826298CF83600334780 /* String+Ext.swift in Sources */,
				841EA81E298CE4C300334780 /* MainTarget.swift in Sources */,
				840202892991FA3A00A6F9A3 /* SearchViewModel.swift in Sources */,
				841EA82A298CF89D00334780 /* ImageView+Ext.swift in Sources */,
				CB5BF78929937F0700F5EFE5 /* PopularCellViewModel.swift in Sources */,
				8470C60B2990915B0019F3B2 /* Session.swift in Sources */,
				841EA81A298CC32400334780 /* Traits+Ext.swift in Sources */,
				840202902991FEA900A6F9A3 /* SearchCellViewModel.swift in Sources */,
				3833F17129359920008A20E8 /* AppDelegate.swift in Sources */,
				CB7B54D3298CF47B005AAD9A /* RecommendCell.swift in Sources */,
				CB7B54EA299092B9005AAD9A /* SliderCellViewModel.swift in Sources */,
				CB7B54DE298CF5AC005AAD9A /* PopularCell.swift in Sources */,
				84D6DAE2298B7C42002A0626 /* ExampleViewController.swift in Sources */,
				841EA828298CF86D00334780 /* Collection+Ext.swift in Sources */,
				8425D78029890E5000CA9728 /* LoginTarget.swift in Sources */,
				841EA824298CF4DE00334780 /* BaseViewController.swift in Sources */,
				CB7B54E2298CF62C005AAD9A /* PopularCollectionViewCell.swift in Sources */,
				8425D78029890E5000CA9728 /* LoginTarget.swift in Sources */,
				CB7B54CE298CED3E005AAD9A /* SlideCollectionViewCell.swift in Sources */,
				8401AB8629A4CC0B00130321 /* UICollectionView+Rx.swift in Sources */,
				8415DF1E29963F21007E3F0C /* Product.swift in Sources */,
				3833F1AD2935AD39008A20E8 /* ApiNetWorkManager.swift in Sources */,
				CB7B54E8298D1217005AAD9A /* HomeSectionModelType.swift in Sources */,
				CB7B54E8298D1217005AAD9A /* HomeSectionModelType.swift in Sources */,
				CB6CF70B2994D46A0053C9A8 /* PopularCollectionViewCellViewModel.swift in Sources */,
				CBC56B1129A46C21004CAA54 /* DownloadImage.swift in Sources */,
				CB7B54E5298CFA44005AAD9A /* HomeViewModel.swift in Sources */,
				CB7B54D8298CF4A4005AAD9A /* RecommendCollectionViewCell.swift in Sources */,
				CB7B54C3298CCB1D005AAD9A /* HomeViewController.swift in Sources */,
				CB6CF7072994D0390053C9A8 /* SlideCollectionViewCellViewModel.swift in Sources */,
				CB7B54C9298CCB61005AAD9A /* SliderCell.swift in Sources */,
				845958722992014E00645984 /* BaseNavigationController.swift in Sources */,
				84D6DAE5298B92E0002A0626 /* Example.swift in Sources */,
				8402028D2991FE8200A6F9A3 /* SearchCollectionViewCell.swift in Sources */,
				849FAC6E29963EA90034A9E8 /* CarouselViewModel.swift in Sources */,
				CB7B54BD298CB285005AAD9A /* LoginViewModel.swift in Sources */,
				8453F5C829963DA3002AE73A /* DetailViewModel.swift in Sources */,
				8453F5C529963D9A002AE73A /* DetailViewController.swift in Sources */,
			);
			runOnlyForDeploymentPostprocessing = 0;
		};
		3833F17F29359923008A20E8 /* Sources */ = {
			isa = PBXSourcesBuildPhase;
			buildActionMask = 2147483647;
			files = (
				3833F18829359923008A20E8 /* RxSwift_TemplateTests.swift in Sources */,
			);
			runOnlyForDeploymentPostprocessing = 0;
		};
/* End PBXSourcesBuildPhase section */

/* Begin PBXTargetDependency section */
		3833F18529359923008A20E8 /* PBXTargetDependency */ = {
			isa = PBXTargetDependency;
			target = 3833F16C29359920008A20E8 /* RxSwift_Template */;
			targetProxy = 3833F18429359923008A20E8 /* PBXContainerItemProxy */;
		};
/* End PBXTargetDependency section */

/* Begin PBXVariantGroup section */
		3833F17B29359922008A20E8 /* LaunchScreen.storyboard */ = {
			isa = PBXVariantGroup;
			children = (
				3833F17C29359922008A20E8 /* Base */,
			);
			name = LaunchScreen.storyboard;
			sourceTree = "<group>";
		};
/* End PBXVariantGroup section */

/* Begin XCBuildConfiguration section */
		3833F19529359923008A20E8 /* Debug */ = {
			isa = XCBuildConfiguration;
			buildSettings = {
				ALWAYS_SEARCH_USER_PATHS = NO;
				CLANG_ANALYZER_NONNULL = YES;
				CLANG_ANALYZER_NUMBER_OBJECT_CONVERSION = YES_AGGRESSIVE;
				CLANG_CXX_LANGUAGE_STANDARD = "gnu++20";
				CLANG_ENABLE_MODULES = YES;
				CLANG_ENABLE_OBJC_ARC = YES;
				CLANG_ENABLE_OBJC_WEAK = YES;
				CLANG_WARN_BLOCK_CAPTURE_AUTORELEASING = YES;
				CLANG_WARN_BOOL_CONVERSION = YES;
				CLANG_WARN_COMMA = YES;
				CLANG_WARN_CONSTANT_CONVERSION = YES;
				CLANG_WARN_DEPRECATED_OBJC_IMPLEMENTATIONS = YES;
				CLANG_WARN_DIRECT_OBJC_ISA_USAGE = YES_ERROR;
				CLANG_WARN_DOCUMENTATION_COMMENTS = YES;
				CLANG_WARN_EMPTY_BODY = YES;
				CLANG_WARN_ENUM_CONVERSION = YES;
				CLANG_WARN_INFINITE_RECURSION = YES;
				CLANG_WARN_INT_CONVERSION = YES;
				CLANG_WARN_NON_LITERAL_NULL_CONVERSION = YES;
				CLANG_WARN_OBJC_IMPLICIT_RETAIN_SELF = YES;
				CLANG_WARN_OBJC_LITERAL_CONVERSION = YES;
				CLANG_WARN_OBJC_ROOT_CLASS = YES_ERROR;
				CLANG_WARN_QUOTED_INCLUDE_IN_FRAMEWORK_HEADER = YES;
				CLANG_WARN_RANGE_LOOP_ANALYSIS = YES;
				CLANG_WARN_STRICT_PROTOTYPES = YES;
				CLANG_WARN_SUSPICIOUS_MOVE = YES;
				CLANG_WARN_UNGUARDED_AVAILABILITY = YES_AGGRESSIVE;
				CLANG_WARN_UNREACHABLE_CODE = YES;
				CLANG_WARN__DUPLICATE_METHOD_MATCH = YES;
				COPY_PHASE_STRIP = NO;
				DEBUG_INFORMATION_FORMAT = dwarf;
				ENABLE_STRICT_OBJC_MSGSEND = YES;
				ENABLE_TESTABILITY = YES;
				GCC_C_LANGUAGE_STANDARD = gnu11;
				GCC_DYNAMIC_NO_PIC = NO;
				GCC_NO_COMMON_BLOCKS = YES;
				GCC_OPTIMIZATION_LEVEL = 0;
				GCC_PREPROCESSOR_DEFINITIONS = (
					"DEBUG=1",
					"$(inherited)",
				);
				GCC_WARN_64_TO_32_BIT_CONVERSION = YES;
				GCC_WARN_ABOUT_RETURN_TYPE = YES_ERROR;
				GCC_WARN_UNDECLARED_SELECTOR = YES;
				GCC_WARN_UNINITIALIZED_AUTOS = YES_AGGRESSIVE;
				GCC_WARN_UNUSED_FUNCTION = YES;
				GCC_WARN_UNUSED_VARIABLE = YES;
				IPHONEOS_DEPLOYMENT_TARGET = 13.0;
				MTL_ENABLE_DEBUG_INFO = INCLUDE_SOURCE;
				MTL_FAST_MATH = YES;
				ONLY_ACTIVE_ARCH = YES;
				SDKROOT = iphoneos;
				SWIFT_ACTIVE_COMPILATION_CONDITIONS = DEBUG;
				SWIFT_OPTIMIZATION_LEVEL = "-Onone";
			};
			name = Debug;
		};
		3833F19629359923008A20E8 /* Release */ = {
			isa = XCBuildConfiguration;
			buildSettings = {
				ALWAYS_SEARCH_USER_PATHS = NO;
				CLANG_ANALYZER_NONNULL = YES;
				CLANG_ANALYZER_NUMBER_OBJECT_CONVERSION = YES_AGGRESSIVE;
				CLANG_CXX_LANGUAGE_STANDARD = "gnu++20";
				CLANG_ENABLE_MODULES = YES;
				CLANG_ENABLE_OBJC_ARC = YES;
				CLANG_ENABLE_OBJC_WEAK = YES;
				CLANG_WARN_BLOCK_CAPTURE_AUTORELEASING = YES;
				CLANG_WARN_BOOL_CONVERSION = YES;
				CLANG_WARN_COMMA = YES;
				CLANG_WARN_CONSTANT_CONVERSION = YES;
				CLANG_WARN_DEPRECATED_OBJC_IMPLEMENTATIONS = YES;
				CLANG_WARN_DIRECT_OBJC_ISA_USAGE = YES_ERROR;
				CLANG_WARN_DOCUMENTATION_COMMENTS = YES;
				CLANG_WARN_EMPTY_BODY = YES;
				CLANG_WARN_ENUM_CONVERSION = YES;
				CLANG_WARN_INFINITE_RECURSION = YES;
				CLANG_WARN_INT_CONVERSION = YES;
				CLANG_WARN_NON_LITERAL_NULL_CONVERSION = YES;
				CLANG_WARN_OBJC_IMPLICIT_RETAIN_SELF = YES;
				CLANG_WARN_OBJC_LITERAL_CONVERSION = YES;
				CLANG_WARN_OBJC_ROOT_CLASS = YES_ERROR;
				CLANG_WARN_QUOTED_INCLUDE_IN_FRAMEWORK_HEADER = YES;
				CLANG_WARN_RANGE_LOOP_ANALYSIS = YES;
				CLANG_WARN_STRICT_PROTOTYPES = YES;
				CLANG_WARN_SUSPICIOUS_MOVE = YES;
				CLANG_WARN_UNGUARDED_AVAILABILITY = YES_AGGRESSIVE;
				CLANG_WARN_UNREACHABLE_CODE = YES;
				CLANG_WARN__DUPLICATE_METHOD_MATCH = YES;
				COPY_PHASE_STRIP = NO;
				DEBUG_INFORMATION_FORMAT = "dwarf-with-dsym";
				ENABLE_NS_ASSERTIONS = NO;
				ENABLE_STRICT_OBJC_MSGSEND = YES;
				GCC_C_LANGUAGE_STANDARD = gnu11;
				GCC_NO_COMMON_BLOCKS = YES;
				GCC_WARN_64_TO_32_BIT_CONVERSION = YES;
				GCC_WARN_ABOUT_RETURN_TYPE = YES_ERROR;
				GCC_WARN_UNDECLARED_SELECTOR = YES;
				GCC_WARN_UNINITIALIZED_AUTOS = YES_AGGRESSIVE;
				GCC_WARN_UNUSED_FUNCTION = YES;
				GCC_WARN_UNUSED_VARIABLE = YES;
				IPHONEOS_DEPLOYMENT_TARGET = 13.0;
				MTL_ENABLE_DEBUG_INFO = NO;
				MTL_FAST_MATH = YES;
				SDKROOT = iphoneos;
				SWIFT_COMPILATION_MODE = wholemodule;
				SWIFT_OPTIMIZATION_LEVEL = "-O";
				VALIDATE_PRODUCT = YES;
			};
			name = Release;
		};
		3833F19829359923008A20E8 /* Debug */ = {
			isa = XCBuildConfiguration;
			baseConfigurationReference = 6BD3E2BC24F32BA1C6821AE6 /* Pods-RxSwift_Template.debug.xcconfig */;
			buildSettings = {
				ASSETCATALOG_COMPILER_APPICON_NAME = AppIcon;
				ASSETCATALOG_COMPILER_GLOBAL_ACCENT_COLOR_NAME = AccentColor;
				CODE_SIGN_IDENTITY = "Apple Development";
				CODE_SIGN_STYLE = Manual;
				CURRENT_PROJECT_VERSION = 1;
				DEVELOPMENT_TEAM = "";
				GENERATE_INFOPLIST_FILE = YES;
				INFOPLIST_FILE = RxSwift_Template/Supports/Info.plist;
				INFOPLIST_KEY_UIApplicationSupportsIndirectInputEvents = YES;
				INFOPLIST_KEY_UILaunchStoryboardName = LaunchScreen;
				INFOPLIST_KEY_UISupportedInterfaceOrientations_iPad = "UIInterfaceOrientationPortrait UIInterfaceOrientationPortraitUpsideDown UIInterfaceOrientationLandscapeLeft UIInterfaceOrientationLandscapeRight";
				INFOPLIST_KEY_UISupportedInterfaceOrientations_iPhone = "UIInterfaceOrientationPortrait UIInterfaceOrientationLandscapeLeft UIInterfaceOrientationLandscapeRight";
				IPHONEOS_DEPLOYMENT_TARGET = 13.2;
				LD_RUNPATH_SEARCH_PATHS = (
					"$(inherited)",
					"@executable_path/Frameworks",
				);
				MARKETING_VERSION = 1.0;
				PRODUCT_BUNDLE_IDENTIFIER = "an.nguyen.vn.RxSwift-Template";
				PRODUCT_NAME = "$(TARGET_NAME)";
				PROVISIONING_PROFILE_SPECIFIER = "";
				SWIFT_EMIT_LOC_STRINGS = YES;
				SWIFT_VERSION = 5.0;
				TARGETED_DEVICE_FAMILY = "1,2";
			};
			name = Debug;
		};
		3833F19929359923008A20E8 /* Release */ = {
			isa = XCBuildConfiguration;
			baseConfigurationReference = 559FC68E27FE2233B82C320C /* Pods-RxSwift_Template.release.xcconfig */;
			buildSettings = {
				ASSETCATALOG_COMPILER_APPICON_NAME = AppIcon;
				ASSETCATALOG_COMPILER_GLOBAL_ACCENT_COLOR_NAME = AccentColor;
				CODE_SIGN_IDENTITY = "Apple Development";
				CODE_SIGN_STYLE = Manual;
				CURRENT_PROJECT_VERSION = 1;
				DEVELOPMENT_TEAM = "";
				GENERATE_INFOPLIST_FILE = YES;
				INFOPLIST_FILE = RxSwift_Template/Supports/Info.plist;
				INFOPLIST_KEY_UIApplicationSupportsIndirectInputEvents = YES;
				INFOPLIST_KEY_UILaunchStoryboardName = LaunchScreen;
				INFOPLIST_KEY_UISupportedInterfaceOrientations_iPad = "UIInterfaceOrientationPortrait UIInterfaceOrientationPortraitUpsideDown UIInterfaceOrientationLandscapeLeft UIInterfaceOrientationLandscapeRight";
				INFOPLIST_KEY_UISupportedInterfaceOrientations_iPhone = "UIInterfaceOrientationPortrait UIInterfaceOrientationLandscapeLeft UIInterfaceOrientationLandscapeRight";
				IPHONEOS_DEPLOYMENT_TARGET = 13.2;
				LD_RUNPATH_SEARCH_PATHS = (
					"$(inherited)",
					"@executable_path/Frameworks",
				);
				MARKETING_VERSION = 1.0;
				PRODUCT_BUNDLE_IDENTIFIER = "an.nguyen.vn.RxSwift-Template";
				PRODUCT_NAME = "$(TARGET_NAME)";
				PROVISIONING_PROFILE_SPECIFIER = "";
				SWIFT_EMIT_LOC_STRINGS = YES;
				SWIFT_VERSION = 5.0;
				TARGETED_DEVICE_FAMILY = "1,2";
			};
			name = Release;
		};
		3833F19B29359923008A20E8 /* Debug */ = {
			isa = XCBuildConfiguration;
			baseConfigurationReference = 3EDAE8723C4F9029099B5B5E /* Pods-RxSwift_TemplateTests.debug.xcconfig */;
			buildSettings = {
				ALWAYS_EMBED_SWIFT_STANDARD_LIBRARIES = YES;
				BUNDLE_LOADER = "$(TEST_HOST)";
				CODE_SIGN_STYLE = Automatic;
				CURRENT_PROJECT_VERSION = 1;
				GENERATE_INFOPLIST_FILE = YES;
				IPHONEOS_DEPLOYMENT_TARGET = 13.0;
				MARKETING_VERSION = 1.0;
				PRODUCT_BUNDLE_IDENTIFIER = "an.nguyen.vn.RxSwift-TemplateTests";
				PRODUCT_NAME = "$(TARGET_NAME)";
				SWIFT_EMIT_LOC_STRINGS = NO;
				SWIFT_VERSION = 5.0;
				TARGETED_DEVICE_FAMILY = "1,2";
				TEST_HOST = "$(BUILT_PRODUCTS_DIR)/RxSwift_Template.app/$(BUNDLE_EXECUTABLE_FOLDER_PATH)/RxSwift_Template";
			};
			name = Debug;
		};
		3833F19C29359923008A20E8 /* Release */ = {
			isa = XCBuildConfiguration;
			baseConfigurationReference = F86B02262B20149B2FE76F51 /* Pods-RxSwift_TemplateTests.release.xcconfig */;
			buildSettings = {
				ALWAYS_EMBED_SWIFT_STANDARD_LIBRARIES = YES;
				BUNDLE_LOADER = "$(TEST_HOST)";
				CODE_SIGN_STYLE = Automatic;
				CURRENT_PROJECT_VERSION = 1;
				GENERATE_INFOPLIST_FILE = YES;
				IPHONEOS_DEPLOYMENT_TARGET = 13.0;
				MARKETING_VERSION = 1.0;
				PRODUCT_BUNDLE_IDENTIFIER = "an.nguyen.vn.RxSwift-TemplateTests";
				PRODUCT_NAME = "$(TARGET_NAME)";
				SWIFT_EMIT_LOC_STRINGS = NO;
				SWIFT_VERSION = 5.0;
				TARGETED_DEVICE_FAMILY = "1,2";
				TEST_HOST = "$(BUILT_PRODUCTS_DIR)/RxSwift_Template.app/$(BUNDLE_EXECUTABLE_FOLDER_PATH)/RxSwift_Template";
			};
			name = Release;
		};
/* End XCBuildConfiguration section */

/* Begin XCConfigurationList section */
		3833F16829359920008A20E8 /* Build configuration list for PBXProject "RxSwift_Template" */ = {
			isa = XCConfigurationList;
			buildConfigurations = (
				3833F19529359923008A20E8 /* Debug */,
				3833F19629359923008A20E8 /* Release */,
			);
			defaultConfigurationIsVisible = 0;
			defaultConfigurationName = Release;
		};
		3833F19729359923008A20E8 /* Build configuration list for PBXNativeTarget "RxSwift_Template" */ = {
			isa = XCConfigurationList;
			buildConfigurations = (
				3833F19829359923008A20E8 /* Debug */,
				3833F19929359923008A20E8 /* Release */,
			);
			defaultConfigurationIsVisible = 0;
			defaultConfigurationName = Release;
		};
		3833F19A29359923008A20E8 /* Build configuration list for PBXNativeTarget "RxSwift_TemplateTests" */ = {
			isa = XCConfigurationList;
			buildConfigurations = (
				3833F19B29359923008A20E8 /* Debug */,
				3833F19C29359923008A20E8 /* Release */,
			);
			defaultConfigurationIsVisible = 0;
			defaultConfigurationName = Release;
		};
/* End XCConfigurationList section */
	};
	rootObject = 3833F16529359920008A20E8 /* Project object */;
}
